
Microsoft Visual Studio Solution File, Format Version 12.00
# Visual Studio Version 16
VisualStudioVersion = 16.0.31702.278
MinimumVisualStudioVersion = 10.0.40219.1
Project("{FAE04EC0-301F-11D3-BF4B-00C04F79EFBC}") = "N01490200_Cumulative3_Winter2022_Mahshad", "N01490200_Cumulative3_Winter2022_Mahshad\N01490200_Cumulative3_Winter2022_Mahshad.csproj", "{C83AFED2-DACC-4843-B8E4-7C57146718C2}"
EndProject
Global
	GlobalSection(SolutionConfigurationPlatforms) = preSolution
		Debug|Any CPU = Debug|Any CPU
		Release|Any CPU = Release|Any CPU
	EndGlobalSection
	GlobalSection(ProjectConfigurationPlatforms) = postSolution
		{C83AFED2-DACC-4843-B8E4-7C57146718C2}.Debug|Any CPU.ActiveCfg = Debug|Any CPU
		{C83AFED2-DACC-4843-B8E4-7C57146718C2}.Debug|Any CPU.Build.0 = Debug|Any CPU
		{C83AFED2-DACC-4843-B8E4-7C57146718C2}.Release|Any CPU.ActiveCfg = Release|Any CPU
		{C83AFED2-DACC-4843-B8E4-7C57146718C2}.Release|Any CPU.Build.0 = Release|Any CPU
	EndGlobalSection
	GlobalSection(SolutionProperties) = preSolution
		HideSolutionNode = FALSE
	EndGlobalSection
	GlobalSection(ExtensibilityGlobals) = postSolution
		SolutionGuid = {65F5637F-DD92-4485-AD8A-E04F7CC8DBB6}
	EndGlobalSection
EndGlobal
